{
  "name": "y",
  "version": "1.0.0",
  "lockfileVersion": 3,
  "requires": true,
  "packages": {
    "": {
      "name": "y",
      "version": "1.0.0",
      "license": "GPL-3.0",
      "dependencies": {
        "@zionbuilder/animatejs": "^1.1.1"
      }
    },
    "node_modules/@zionbuilder/animatejs": {
      "version": "1.1.1",
      "resolved": "https://registry.npmjs.org/@zionbuilder/animatejs/-/animatejs-1.1.1.tgz",
      "integrity": "sha512-DrtYQVPqTM77kOsB21kjhuPUTbd9xvgThB1OWKCqWyKmHb10M8coxz02ZlNl22WkFL6DBgf8ueO3bnj5GR7N3w=="
    }
  }
}
